
Microsoft Visual Studio Solution File, Format Version 12.00
# Visual Studio Version 17
VisualStudioVersion = 17.14.36511.14 d17.14
MinimumVisualStudioVersion = 10.0.40219.1
Project("{FAE04EC0-301F-11D3-BF4B-00C04F79EFBC}") = "GameWebsiteManagementPanel", "GameWebsiteManagementPanel\GameWebsiteManagementPanel.csproj", "{5DD01A39-3CEB-4C86-8A98-1E96ACF9C124}"
EndProject
Global
	GlobalSection(SolutionConfigurationPlatforms) = preSolution
		Debug|Any CPU = Debug|Any CPU
		Release|Any CPU = Release|Any CPU
	EndGlobalSection
	GlobalSection(ProjectConfigurationPlatforms) = postSolution
		{5DD01A39-3CEB-4C86-8A98-1E96ACF9C124}.Debug|Any CPU.ActiveCfg = Debug|Any CPU
		{5DD01A39-3CEB-4C86-8A98-1E96ACF9C124}.Debug|Any CPU.Build.0 = Debug|Any CPU
		{5DD01A39-3CEB-4C86-8A98-1E96ACF9C124}.Release|Any CPU.ActiveCfg = Release|Any CPU
		{5DD01A39-3CEB-4C86-8A98-1E96ACF9C124}.Release|Any CPU.Build.0 = Release|Any CPU
	EndGlobalSection
	GlobalSection(SolutionProperties) = preSolution
		HideSolutionNode = FALSE
	EndGlobalSection
	GlobalSection(ExtensibilityGlobals) = postSolution
		SolutionGuid = {D3B4C152-C6F8-487D-B9B4-39793261DF12}
	EndGlobalSection
EndGlobal
